
Microsoft Visual Studio Solution File, Format Version 12.00
# Visual Studio Version 17
VisualStudioVersion = 17.10.35013.160
MinimumVisualStudioVersion = 10.0.40219.1
Project("{FAE04EC0-301F-11D3-BF4B-00C04F79EFBC}") = "ZooManager", "ZooManager.csproj", "{CF9939BA-ADE8-4B7F-8DEB-F1C4048708F9}"
EndProject
Global
	GlobalSection(SolutionConfigurationPlatforms) = preSolution
		Debug|Any CPU = Debug|Any CPU
		Release|Any CPU = Release|Any CPU
	EndGlobalSection
	GlobalSection(ProjectConfigurationPlatforms) = postSolution
		{CF9939BA-ADE8-4B7F-8DEB-F1C4048708F9}.Debug|Any CPU.ActiveCfg = Debug|Any CPU
		{CF9939BA-ADE8-4B7F-8DEB-F1C4048708F9}.Debug|Any CPU.Build.0 = Debug|Any CPU
		{CF9939BA-ADE8-4B7F-8DEB-F1C4048708F9}.Release|Any CPU.ActiveCfg = Release|Any CPU
		{CF9939BA-ADE8-4B7F-8DEB-F1C4048708F9}.Release|Any CPU.Build.0 = Release|Any CPU
	EndGlobalSection
	GlobalSection(SolutionProperties) = preSolution
		HideSolutionNode = FALSE
	EndGlobalSection
	GlobalSection(ExtensibilityGlobals) = postSolution
		SolutionGuid = {FD0B365A-FC30-412E-B976-4A814FC253F3}
	EndGlobalSection
EndGlobal
